
Microsoft Visual Studio Solution File, Format Version 12.00
# Visual Studio 2012
Project("{FAE04EC0-301F-11D3-BF4B-00C04F79EFBC}") = "PageViewController", "PageViewController.csproj", "{B104393C-6E1D-41F9-AC80-5A56036E99BC}"
EndProject
Global
	GlobalSection(SolutionConfigurationPlatforms) = preSolution
		Debug|iPhoneSimulator = Debug|iPhoneSimulator
		Release|iPhone = Release|iPhone
		Release|iPhoneSimulator = Release|iPhoneSimulator
		Debug|iPhone = Debug|iPhone
	EndGlobalSection
	GlobalSection(ProjectConfigurationPlatforms) = postSolution
		{B104393C-6E1D-41F9-AC80-5A56036E99BC}.Debug|iPhoneSimulator.ActiveCfg = Debug|iPhoneSimulator
		{B104393C-6E1D-41F9-AC80-5A56036E99BC}.Debug|iPhoneSimulator.Build.0 = Debug|iPhoneSimulator
		{B104393C-6E1D-41F9-AC80-5A56036E99BC}.Release|iPhone.ActiveCfg = Release|iPhone
		{B104393C-6E1D-41F9-AC80-5A56036E99BC}.Release|iPhone.Build.0 = Release|iPhone
		{B104393C-6E1D-41F9-AC80-5A56036E99BC}.Release|iPhoneSimulator.ActiveCfg = Release|iPhoneSimulator
		{B104393C-6E1D-41F9-AC80-5A56036E99BC}.Release|iPhoneSimulator.Build.0 = Release|iPhoneSimulator
		{B104393C-6E1D-41F9-AC80-5A56036E99BC}.Debug|iPhone.ActiveCfg = Debug|iPhone
		{B104393C-6E1D-41F9-AC80-5A56036E99BC}.Debug|iPhone.Build.0 = Debug|iPhone
	EndGlobalSection
EndGlobal
